
Microsoft Visual Studio Solution File, Format Version 12.00
# Visual Studio 15
VisualStudioVersion = 15.0.27130.2024
MinimumVisualStudioVersion = 10.0.40219.1
Project("{FAE04EC0-301F-11D3-BF4B-00C04F79EFBC}") = "Lunch Order", "Lunch Order\Lunch Order.csproj", "{977117BE-E98C-4B39-9D17-AA80171707C2}"
EndProject
Global
	GlobalSection(SolutionConfigurationPlatforms) = preSolution
		Debug|Any CPU = Debug|Any CPU
		Release|Any CPU = Release|Any CPU
	EndGlobalSection
	GlobalSection(ProjectConfigurationPlatforms) = postSolution
		{977117BE-E98C-4B39-9D17-AA80171707C2}.Debug|Any CPU.ActiveCfg = Debug|Any CPU
		{977117BE-E98C-4B39-9D17-AA80171707C2}.Debug|Any CPU.Build.0 = Debug|Any CPU
		{977117BE-E98C-4B39-9D17-AA80171707C2}.Release|Any CPU.ActiveCfg = Release|Any CPU
		{977117BE-E98C-4B39-9D17-AA80171707C2}.Release|Any CPU.Build.0 = Release|Any CPU
	EndGlobalSection
	GlobalSection(SolutionProperties) = preSolution
		HideSolutionNode = FALSE
	EndGlobalSection
	GlobalSection(ExtensibilityGlobals) = postSolution
		SolutionGuid = {F4FD5B0F-C9BB-4417-B210-78B61F14BDB7}
	EndGlobalSection
EndGlobal
